
Microsoft Visual Studio Solution File, Format Version 12.00
# Visual Studio Version 17
VisualStudioVersion = 17.11.35327.3
MinimumVisualStudioVersion = 10.0.40219.1
Project("{FAE04EC0-301F-11D3-BF4B-00C04F79EFBC}") = "Week5LogicalOperators", "Week5LogicalOperators\Week5LogicalOperators.csproj", "{37F8F0A5-0992-469E-ACBC-A64C409A7406}"
EndProject
Project("{FAE04EC0-301F-11D3-BF4B-00C04F79EFBC}") = "ANDOperator", "ANDOperator\ANDOperator.csproj", "{80598155-A308-4593-B400-4A121B0E7D20}"
EndProject
Project("{FAE04EC0-301F-11D3-BF4B-00C04F79EFBC}") = "OROperator", "OROperator\OROperator.csproj", "{25A8F2FE-524D-4999-A543-19222C9BD00B}"
EndProject
Project("{FAE04EC0-301F-11D3-BF4B-00C04F79EFBC}") = "ANDRanges", "ANDRanges\ANDRanges.csproj", "{80ACD8A5-52D8-4765-9D8F-238E4A3B962D}"
EndProject
Global
	GlobalSection(SolutionConfigurationPlatforms) = preSolution
		Debug|Any CPU = Debug|Any CPU
		Release|Any CPU = Release|Any CPU
	EndGlobalSection
	GlobalSection(ProjectConfigurationPlatforms) = postSolution
		{37F8F0A5-0992-469E-ACBC-A64C409A7406}.Debug|Any CPU.ActiveCfg = Debug|Any CPU
		{37F8F0A5-0992-469E-ACBC-A64C409A7406}.Debug|Any CPU.Build.0 = Debug|Any CPU
		{37F8F0A5-0992-469E-ACBC-A64C409A7406}.Release|Any CPU.ActiveCfg = Release|Any CPU
		{37F8F0A5-0992-469E-ACBC-A64C409A7406}.Release|Any CPU.Build.0 = Release|Any CPU
		{80598155-A308-4593-B400-4A121B0E7D20}.Debug|Any CPU.ActiveCfg = Debug|Any CPU
		{80598155-A308-4593-B400-4A121B0E7D20}.Debug|Any CPU.Build.0 = Debug|Any CPU
		{80598155-A308-4593-B400-4A121B0E7D20}.Release|Any CPU.ActiveCfg = Release|Any CPU
		{80598155-A308-4593-B400-4A121B0E7D20}.Release|Any CPU.Build.0 = Release|Any CPU
		{25A8F2FE-524D-4999-A543-19222C9BD00B}.Debug|Any CPU.ActiveCfg = Debug|Any CPU
		{25A8F2FE-524D-4999-A543-19222C9BD00B}.Debug|Any CPU.Build.0 = Debug|Any CPU
		{25A8F2FE-524D-4999-A543-19222C9BD00B}.Release|Any CPU.ActiveCfg = Release|Any CPU
		{25A8F2FE-524D-4999-A543-19222C9BD00B}.Release|Any CPU.Build.0 = Release|Any CPU
		{80ACD8A5-52D8-4765-9D8F-238E4A3B962D}.Debug|Any CPU.ActiveCfg = Debug|Any CPU
		{80ACD8A5-52D8-4765-9D8F-238E4A3B962D}.Debug|Any CPU.Build.0 = Debug|Any CPU
		{80ACD8A5-52D8-4765-9D8F-238E4A3B962D}.Release|Any CPU.ActiveCfg = Release|Any CPU
		{80ACD8A5-52D8-4765-9D8F-238E4A3B962D}.Release|Any CPU.Build.0 = Release|Any CPU
	EndGlobalSection
	GlobalSection(SolutionProperties) = preSolution
		HideSolutionNode = FALSE
	EndGlobalSection
	GlobalSection(ExtensibilityGlobals) = postSolution
		SolutionGuid = {4861295A-A0BA-495F-990E-80158C1616F2}
	EndGlobalSection
EndGlobal
